Microsoft Visual Studio Solution File, Format Version 12.00
# Visual Studio Version 17
VisualStudioVersion = 17.0.31611.283
MinimumVisualStudioVersion = 10.0.40219.1
Project("{9A19103F-16F7-4668-BE54-9A1E7A4F7556}") = "MatchMate", "MatchMate\MatchMate.csproj", "{3567EF7D-A0EE-4BA8-A8F6-E7ECDA20930E}"
EndProject
Project("{9A19103F-16F7-4668-BE54-9A1E7A4F7556}") = "MatchMate.Class", "MatchMate.Class\MatchMate.Class.csproj", "{75BF007A-E66E-4E1F-BD32-9330D2D96813}"
EndProject
Project("{9A19103F-16F7-4668-BE54-9A1E7A4F7556}") = "MatchMate.Server", "MatchMate.Server\MatchMate.Server.csproj", "{EA9889E5-1153-435B-84F8-4838505C3EB4}"
EndProject
Project("{9A19103F-16F7-4668-BE54-9A1E7A4F7556}") = "MatchMate.Page", "MatchMate.Page\MatchMate.Page.csproj", "{8DC99740-5794-40F4-A44D-98EAD265DC24}"
EndProject
Global
	GlobalSection(SolutionConfigurationPlatforms) = preSolution
		Debug|Any CPU = Debug|Any CPU
		Release|Any CPU = Release|Any CPU
	EndGlobalSection
	GlobalSection(ProjectConfigurationPlatforms) = postSolution
		{3567EF7D-A0EE-4BA8-A8F6-E7ECDA20930E}.Debug|Any CPU.ActiveCfg = Debug|Any CPU
		{3567EF7D-A0EE-4BA8-A8F6-E7ECDA20930E}.Debug|Any CPU.Build.0 = Debug|Any CPU
		{3567EF7D-A0EE-4BA8-A8F6-E7ECDA20930E}.Debug|Any CPU.Deploy.0 = Debug|Any CPU
		{3567EF7D-A0EE-4BA8-A8F6-E7ECDA20930E}.Release|Any CPU.ActiveCfg = Release|Any CPU
		{3567EF7D-A0EE-4BA8-A8F6-E7ECDA20930E}.Release|Any CPU.Build.0 = Release|Any CPU
		{3567EF7D-A0EE-4BA8-A8F6-E7ECDA20930E}.Release|Any CPU.Deploy.0 = Release|Any CPU
		{75BF007A-E66E-4E1F-BD32-9330D2D96813}.Debug|Any CPU.ActiveCfg = Debug|Any CPU
		{75BF007A-E66E-4E1F-BD32-9330D2D96813}.Debug|Any CPU.Build.0 = Debug|Any CPU
		{75BF007A-E66E-4E1F-BD32-9330D2D96813}.Release|Any CPU.ActiveCfg = Release|Any CPU
		{75BF007A-E66E-4E1F-BD32-9330D2D96813}.Release|Any CPU.Build.0 = Release|Any CPU
		{EA9889E5-1153-435B-84F8-4838505C3EB4}.Debug|Any CPU.ActiveCfg = Debug|Any CPU
		{EA9889E5-1153-435B-84F8-4838505C3EB4}.Debug|Any CPU.Build.0 = Debug|Any CPU
		{EA9889E5-1153-435B-84F8-4838505C3EB4}.Release|Any CPU.ActiveCfg = Release|Any CPU
		{EA9889E5-1153-435B-84F8-4838505C3EB4}.Release|Any CPU.Build.0 = Release|Any CPU
		{8DC99740-5794-40F4-A44D-98EAD265DC24}.Debug|Any CPU.ActiveCfg = Debug|Any CPU
		{8DC99740-5794-40F4-A44D-98EAD265DC24}.Debug|Any CPU.Build.0 = Debug|Any CPU
		{8DC99740-5794-40F4-A44D-98EAD265DC24}.Release|Any CPU.ActiveCfg = Release|Any CPU
		{8DC99740-5794-40F4-A44D-98EAD265DC24}.Release|Any CPU.Build.0 = Release|Any CPU
	EndGlobalSection
	GlobalSection(SolutionProperties) = preSolution
		HideSolutionNode = FALSE
	EndGlobalSection
	GlobalSection(ExtensibilityGlobals) = postSolution
		SolutionGuid = {0CBC74A4-4AD6-48B6-BC53-3CF23FC84626}
		        SolutionGuid = {61F7FB11-1E47-470C-91E2-47F8143E1572}
	EndGlobalSection
EndGlobal
